
Microsoft Visual Studio Solution File, Format Version 12.00
# Visual Studio Version 17
VisualStudioVersion = 17.0.31903.59
MinimumVisualStudioVersion = 10.0.40219.1
Project("{2150E333-8FDC-42A3-9474-1A3956D46DE8}") = "src", "src", "{827E0CD3-B72D-47B6-A68D-7590B98EB39B}"
EndProject
Project("{2150E333-8FDC-42A3-9474-1A3956D46DE8}") = "SalesService", "SalesService", "{FC09876C-AA05-62EB-05EC-BEC01004E614}"
EndProject
Project("{2150E333-8FDC-42A3-9474-1A3956D46DE8}") = "1-Presentation", "1-Presentation", "{98B05642-01F5-EB19-A637-D618042DF171}"
EndProject
Project("{FAE04EC0-301F-11D3-BF4B-00C04F79EFBC}") = "EcommerceFlow.SalesService.API", "src\SalesService\1-Presentation\EcommerceFlow.SalesService.API\EcommerceFlow.SalesService.API.csproj", "{BEB957AE-7114-4063-BA3C-EFBE74BBD473}"
EndProject
Project("{2150E333-8FDC-42A3-9474-1A3956D46DE8}") = "ApiGateway", "ApiGateway", "{FCA01246-F2C6-0AA7-D43F-FD13BE0B9D88}"
EndProject
Project("{FAE04EC0-301F-11D3-BF4B-00C04F79EFBC}") = "EcommerceFlow.ApiGateway", "src\ApiGateway\EcommerceFlow.ApiGateway\EcommerceFlow.ApiGateway.csproj", "{53EF6F94-FBDD-4C92-9CFE-3372889A063C}"
EndProject
Project("{2150E333-8FDC-42A3-9474-1A3956D46DE8}") = "BuildingBlocks", "BuildingBlocks", "{90298CBA-BD6F-3A0A-69D5-97CAD7B05E7E}"
EndProject
Project("{FAE04EC0-301F-11D3-BF4B-00C04F79EFBC}") = "EcommerceFlow.BuildingBlocks", "src\BuildingBlocks\EcommerceFlow.BuildingBlocks\EcommerceFlow.BuildingBlocks.csproj", "{54553B63-1061-4AAF-A7FF-8AC42B9D56B9}"
EndProject
Project("{2150E333-8FDC-42A3-9474-1A3956D46DE8}") = "2-Domain", "2-Domain", "{73A652C1-C590-AE37-9CBD-238D7CF106BF}"
EndProject
Project("{FAE04EC0-301F-11D3-BF4B-00C04F79EFBC}") = "EcommerceFlow.SalesService.Application", "src\SalesService\2-Domain\EcommerceFlow.SalesService.Application\EcommerceFlow.SalesService.Application.csproj", "{19024CCB-1990-4AF2-9727-4A057E00D6FD}"
EndProject
Project("{2150E333-8FDC-42A3-9474-1A3956D46DE8}") = "3-Infrastructure", "3-Infrastructure", "{A8D55A63-0FFB-8DA3-0D2F-64981EAEBCF5}"
EndProject
Project("{FAE04EC0-301F-11D3-BF4B-00C04F79EFBC}") = "EcommerceFlow.SalesService.Infrastructure.Data", "src\SalesService\3-Infrastructure\EcommerceFlow.SalesService.Infrastructure.Data\EcommerceFlow.SalesService.Infrastructure.Data.csproj", "{455B1F40-B643-4192-82A5-77F20D9EF184}"
EndProject
Project("{FAE04EC0-301F-11D3-BF4B-00C04F79EFBC}") = "EcommerceFlow.SalesService.Infrastructure.Services", "src\SalesService\3-Infrastructure\EcommerceFlow.SalesService.Infrastructure.Services\EcommerceFlow.SalesService.Infrastructure.Services.csproj", "{26E89457-A53E-4D1C-AE0D-BCE97DBE1AE4}"
EndProject
Project("{2150E333-8FDC-42A3-9474-1A3956D46DE8}") = "4-CrossCutting", "4-CrossCutting", "{5FF7E0A6-2448-5B5D-0715-69E9253ED868}"
EndProject
Project("{FAE04EC0-301F-11D3-BF4B-00C04F79EFBC}") = "EcommerceFlow.SalesService.CrossCutting.Exceptions", "src\SalesService\4-CrossCutting\EcommerceFlow.SalesService.CrossCutting.Exceptions\EcommerceFlow.SalesService.CrossCutting.Exceptions.csproj", "{3D108CE7-FD2E-468E-BB15-3FCAE087D52D}"
EndProject
Project("{2150E333-8FDC-42A3-9474-1A3956D46DE8}") = "5-Test", "5-Test", "{D5B610D6-B4FF-066C-DF98-04A3849DEC32}"
EndProject
Project("{FAE04EC0-301F-11D3-BF4B-00C04F79EFBC}") = "EcommerceFlow.SalesService.Tests", "src\SalesService\5-Test\EcommerceFlow.SalesService.Tests\EcommerceFlow.SalesService.Tests.csproj", "{B5AD7BE0-D6C1-4F0F-931E-C0F5A1B6F8DF}"
EndProject
Project("{2150E333-8FDC-42A3-9474-1A3956D46DE8}") = "InventoryService", "InventoryService", "{5C8FFA71-ABED-225F-EBAA-B00A0796978F}"
EndProject
Project("{2150E333-8FDC-42A3-9474-1A3956D46DE8}") = "1-Presentation", "1-Presentation", "{09253579-F117-F706-570D-01528F4C4ED0}"
EndProject
Project("{FAE04EC0-301F-11D3-BF4B-00C04F79EFBC}") = "EcommerceFlow.InventoryService.API", "src\InventoryService\1-Presentation\EcommerceFlow.InventoryService.API\EcommerceFlow.InventoryService.API.csproj", "{6E6925D0-941D-4896-AADF-6A0E9AA78503}"
EndProject
Project("{2150E333-8FDC-42A3-9474-1A3956D46DE8}") = "2-Domain", "2-Domain", "{F61F6535-EFCA-7435-6CE0-2B4426F3FDC6}"
EndProject
Project("{FAE04EC0-301F-11D3-BF4B-00C04F79EFBC}") = "EcommerceFlow.InventoryService.Domain.Application", "src\InventoryService\2-Domain\EcommerceFlow.InventoryService.Domain.Application\EcommerceFlow.InventoryService.Domain.Application.csproj", "{2554F455-B91F-410D-A7F5-5EC796439EA5}"
EndProject
Project("{FAE04EC0-301F-11D3-BF4B-00C04F79EFBC}") = "EcommerceFlow.InventoryService.Domain.Core", "src\InventoryService\2-Domain\EcommerceFlow.InventoryService.Domain.Core\EcommerceFlow.InventoryService.Domain.Core.csproj", "{1F331B24-2347-45A7-B103-FD88750304B7}"
EndProject
Project("{2150E333-8FDC-42A3-9474-1A3956D46DE8}") = "3-Infrastructure", "3-Infrastructure", "{CB988DCC-081F-D5BB-28C3-044054ECA1B2}"
EndProject
Project("{FAE04EC0-301F-11D3-BF4B-00C04F79EFBC}") = "EcommerceFlow.InventoryService.Infrastructure.Data", "src\InventoryService\3-Infrastructure\EcommerceFlow.InventoryService.Infrastructure.Data\EcommerceFlow.InventoryService.Infrastructure.Data.csproj", "{30752C4B-B189-4D54-B01E-35B19EF399CE}"
EndProject
Project("{FAE04EC0-301F-11D3-BF4B-00C04F79EFBC}") = "EcommerceFlow.InventoryService.Infrastructure.Services", "src\InventoryService\3-Infrastructure\EcommerceFlow.InventoryService.Infrastructure.Services\EcommerceFlow.InventoryService.Infrastructure.Services.csproj", "{14CDC0B6-CFF5-4EBA-9F09-8FF3E3BB142D}"
EndProject
Project("{2150E333-8FDC-42A3-9474-1A3956D46DE8}") = "4-CrossCutting", "4-CrossCutting", "{C76D9B58-6B37-707C-7886-069C7C09C5A3}"
EndProject
Project("{FAE04EC0-301F-11D3-BF4B-00C04F79EFBC}") = "EcommerceFlow.InventoryService.CrossCutting.Exceptions", "src\InventoryService\4-CrossCutting\EcommerceFlow.InventoryService.CrossCutting.Exceptions\EcommerceFlow.InventoryService.CrossCutting.Exceptions.csproj", "{1BF89F13-2FD2-449A-99A9-036DE4EADE19}"
EndProject
Project("{2150E333-8FDC-42A3-9474-1A3956D46DE8}") = "5-Test", "5-Test", "{6B32F401-47F2-B1B8-7DF2-F05687F0E824}"
EndProject
Project("{FAE04EC0-301F-11D3-BF4B-00C04F79EFBC}") = "EcommerceFlow.InventoryService.Tests", "src\InventoryService\5-Test\EcommerceFlow.InventoryService.Tests\EcommerceFlow.InventoryService.Tests.csproj", "{23548C72-3C38-4299-AFE0-DCD9678E158A}"
EndProject
Global
	GlobalSection(SolutionConfigurationPlatforms) = preSolution
		Debug|Any CPU = Debug|Any CPU
		Debug|x64 = Debug|x64
		Debug|x86 = Debug|x86
		Release|Any CPU = Release|Any CPU
		Release|x64 = Release|x64
		Release|x86 = Release|x86
	EndGlobalSection
	GlobalSection(ProjectConfigurationPlatforms) = postSolution
		{BEB957AE-7114-4063-BA3C-EFBE74BBD473}.Debug|Any CPU.ActiveCfg = Debug|Any CPU
		{BEB957AE-7114-4063-BA3C-EFBE74BBD473}.Debug|Any CPU.Build.0 = Debug|Any CPU
		{BEB957AE-7114-4063-BA3C-EFBE74BBD473}.Debug|x64.ActiveCfg = Debug|Any CPU
		{BEB957AE-7114-4063-BA3C-EFBE74BBD473}.Debug|x64.Build.0 = Debug|Any CPU
		{BEB957AE-7114-4063-BA3C-EFBE74BBD473}.Debug|x86.ActiveCfg = Debug|Any CPU
		{BEB957AE-7114-4063-BA3C-EFBE74BBD473}.Debug|x86.Build.0 = Debug|Any CPU
		{BEB957AE-7114-4063-BA3C-EFBE74BBD473}.Release|Any CPU.ActiveCfg = Release|Any CPU
		{BEB957AE-7114-4063-BA3C-EFBE74BBD473}.Release|Any CPU.Build.0 = Release|Any CPU
		{BEB957AE-7114-4063-BA3C-EFBE74BBD473}.Release|x64.ActiveCfg = Release|Any CPU
		{BEB957AE-7114-4063-BA3C-EFBE74BBD473}.Release|x64.Build.0 = Release|Any CPU
		{BEB957AE-7114-4063-BA3C-EFBE74BBD473}.Release|x86.ActiveCfg = Release|Any CPU
		{BEB957AE-7114-4063-BA3C-EFBE74BBD473}.Release|x86.Build.0 = Release|Any CPU
		{53EF6F94-FBDD-4C92-9CFE-3372889A063C}.Debug|Any CPU.ActiveCfg = Debug|Any CPU
		{53EF6F94-FBDD-4C92-9CFE-3372889A063C}.Debug|Any CPU.Build.0 = Debug|Any CPU
		{53EF6F94-FBDD-4C92-9CFE-3372889A063C}.Debug|x64.ActiveCfg = Debug|Any CPU
		{53EF6F94-FBDD-4C92-9CFE-3372889A063C}.Debug|x64.Build.0 = Debug|Any CPU
		{53EF6F94-FBDD-4C92-9CFE-3372889A063C}.Debug|x86.ActiveCfg = Debug|Any CPU
		{53EF6F94-FBDD-4C92-9CFE-3372889A063C}.Debug|x86.Build.0 = Debug|Any CPU
		{53EF6F94-FBDD-4C92-9CFE-3372889A063C}.Release|Any CPU.ActiveCfg = Release|Any CPU
		{53EF6F94-FBDD-4C92-9CFE-3372889A063C}.Release|Any CPU.Build.0 = Release|Any CPU
		{53EF6F94-FBDD-4C92-9CFE-3372889A063C}.Release|x64.ActiveCfg = Release|Any CPU
		{53EF6F94-FBDD-4C92-9CFE-3372889A063C}.Release|x64.Build.0 = Release|Any CPU
		{53EF6F94-FBDD-4C92-9CFE-3372889A063C}.Release|x86.ActiveCfg = Release|Any CPU
		{53EF6F94-FBDD-4C92-9CFE-3372889A063C}.Release|x86.Build.0 = Release|Any CPU
		{54553B63-1061-4AAF-A7FF-8AC42B9D56B9}.Debug|Any CPU.ActiveCfg = Debug|Any CPU
		{54553B63-1061-4AAF-A7FF-8AC42B9D56B9}.Debug|Any CPU.Build.0 = Debug|Any CPU
		{54553B63-1061-4AAF-A7FF-8AC42B9D56B9}.Debug|x64.ActiveCfg = Debug|Any CPU
		{54553B63-1061-4AAF-A7FF-8AC42B9D56B9}.Debug|x64.Build.0 = Debug|Any CPU
		{54553B63-1061-4AAF-A7FF-8AC42B9D56B9}.Debug|x86.ActiveCfg = Debug|Any CPU
		{54553B63-1061-4AAF-A7FF-8AC42B9D56B9}.Debug|x86.Build.0 = Debug|Any CPU
		{54553B63-1061-4AAF-A7FF-8AC42B9D56B9}.Release|Any CPU.ActiveCfg = Release|Any CPU
		{54553B63-1061-4AAF-A7FF-8AC42B9D56B9}.Release|Any CPU.Build.0 = Release|Any CPU
		{54553B63-1061-4AAF-A7FF-8AC42B9D56B9}.Release|x64.ActiveCfg = Release|Any CPU
		{54553B63-1061-4AAF-A7FF-8AC42B9D56B9}.Release|x64.Build.0 = Release|Any CPU
		{54553B63-1061-4AAF-A7FF-8AC42B9D56B9}.Release|x86.ActiveCfg = Release|Any CPU
		{54553B63-1061-4AAF-A7FF-8AC42B9D56B9}.Release|x86.Build.0 = Release|Any CPU
		{19024CCB-1990-4AF2-9727-4A057E00D6FD}.Debug|Any CPU.ActiveCfg = Debug|Any CPU
		{19024CCB-1990-4AF2-9727-4A057E00D6FD}.Debug|Any CPU.Build.0 = Debug|Any CPU
		{19024CCB-1990-4AF2-9727-4A057E00D6FD}.Debug|x64.ActiveCfg = Debug|Any CPU
		{19024CCB-1990-4AF2-9727-4A057E00D6FD}.Debug|x64.Build.0 = Debug|Any CPU
		{19024CCB-1990-4AF2-9727-4A057E00D6FD}.Debug|x86.ActiveCfg = Debug|Any CPU
		{19024CCB-1990-4AF2-9727-4A057E00D6FD}.Debug|x86.Build.0 = Debug|Any CPU
		{19024CCB-1990-4AF2-9727-4A057E00D6FD}.Release|Any CPU.ActiveCfg = Release|Any CPU
		{19024CCB-1990-4AF2-9727-4A057E00D6FD}.Release|Any CPU.Build.0 = Release|Any CPU
		{19024CCB-1990-4AF2-9727-4A057E00D6FD}.Release|x64.ActiveCfg = Release|Any CPU
		{19024CCB-1990-4AF2-9727-4A057E00D6FD}.Release|x64.Build.0 = Release|Any CPU
		{19024CCB-1990-4AF2-9727-4A057E00D6FD}.Release|x86.ActiveCfg = Release|Any CPU
		{19024CCB-1990-4AF2-9727-4A057E00D6FD}.Release|x86.Build.0 = Release|Any CPU
		{455B1F40-B643-4192-82A5-77F20D9EF184}.Debug|Any CPU.ActiveCfg = Debug|Any CPU
		{455B1F40-B643-4192-82A5-77F20D9EF184}.Debug|Any CPU.Build.0 = Debug|Any CPU
		{455B1F40-B643-4192-82A5-77F20D9EF184}.Debug|x64.ActiveCfg = Debug|Any CPU
		{455B1F40-B643-4192-82A5-77F20D9EF184}.Debug|x64.Build.0 = Debug|Any CPU
		{455B1F40-B643-4192-82A5-77F20D9EF184}.Debug|x86.ActiveCfg = Debug|Any CPU
		{455B1F40-B643-4192-82A5-77F20D9EF184}.Debug|x86.Build.0 = Debug|Any CPU
		{455B1F40-B643-4192-82A5-77F20D9EF184}.Release|Any CPU.ActiveCfg = Release|Any CPU
		{455B1F40-B643-4192-82A5-77F20D9EF184}.Release|Any CPU.Build.0 = Release|Any CPU
		{455B1F40-B643-4192-82A5-77F20D9EF184}.Release|x64.ActiveCfg = Release|Any CPU
		{455B1F40-B643-4192-82A5-77F20D9EF184}.Release|x64.Build.0 = Release|Any CPU
		{455B1F40-B643-4192-82A5-77F20D9EF184}.Release|x86.ActiveCfg = Release|Any CPU
		{455B1F40-B643-4192-82A5-77F20D9EF184}.Release|x86.Build.0 = Release|Any CPU
		{26E89457-A53E-4D1C-AE0D-BCE97DBE1AE4}.Debug|Any CPU.ActiveCfg = Debug|Any CPU
		{26E89457-A53E-4D1C-AE0D-BCE97DBE1AE4}.Debug|Any CPU.Build.0 = Debug|Any CPU
		{26E89457-A53E-4D1C-AE0D-BCE97DBE1AE4}.Debug|x64.ActiveCfg = Debug|Any CPU
		{26E89457-A53E-4D1C-AE0D-BCE97DBE1AE4}.Debug|x64.Build.0 = Debug|Any CPU
		{26E89457-A53E-4D1C-AE0D-BCE97DBE1AE4}.Debug|x86.ActiveCfg = Debug|Any CPU
		{26E89457-A53E-4D1C-AE0D-BCE97DBE1AE4}.Debug|x86.Build.0 = Debug|Any CPU
		{26E89457-A53E-4D1C-AE0D-BCE97DBE1AE4}.Release|Any CPU.ActiveCfg = Release|Any CPU
		{26E89457-A53E-4D1C-AE0D-BCE97DBE1AE4}.Release|Any CPU.Build.0 = Release|Any CPU
		{26E89457-A53E-4D1C-AE0D-BCE97DBE1AE4}.Release|x64.ActiveCfg = Release|Any CPU
		{26E89457-A53E-4D1C-AE0D-BCE97DBE1AE4}.Release|x64.Build.0 = Release|Any CPU
		{26E89457-A53E-4D1C-AE0D-BCE97DBE1AE4}.Release|x86.ActiveCfg = Release|Any CPU
		{26E89457-A53E-4D1C-AE0D-BCE97DBE1AE4}.Release|x86.Build.0 = Release|Any CPU
		{3D108CE7-FD2E-468E-BB15-3FCAE087D52D}.Debug|Any CPU.ActiveCfg = Debug|Any CPU
		{3D108CE7-FD2E-468E-BB15-3FCAE087D52D}.Debug|Any CPU.Build.0 = Debug|Any CPU
		{3D108CE7-FD2E-468E-BB15-3FCAE087D52D}.Debug|x64.ActiveCfg = Debug|Any CPU
		{3D108CE7-FD2E-468E-BB15-3FCAE087D52D}.Debug|x64.Build.0 = Debug|Any CPU
		{3D108CE7-FD2E-468E-BB15-3FCAE087D52D}.Debug|x86.ActiveCfg = Debug|Any CPU
		{3D108CE7-FD2E-468E-BB15-3FCAE087D52D}.Debug|x86.Build.0 = Debug|Any CPU
		{3D108CE7-FD2E-468E-BB15-3FCAE087D52D}.Release|Any CPU.ActiveCfg = Release|Any CPU
		{3D108CE7-FD2E-468E-BB15-3FCAE087D52D}.Release|Any CPU.Build.0 = Release|Any CPU
		{3D108CE7-FD2E-468E-BB15-3FCAE087D52D}.Release|x64.ActiveCfg = Release|Any CPU
		{3D108CE7-FD2E-468E-BB15-3FCAE087D52D}.Release|x64.Build.0 = Release|Any CPU
		{3D108CE7-FD2E-468E-BB15-3FCAE087D52D}.Release|x86.ActiveCfg = Release|Any CPU
		{3D108CE7-FD2E-468E-BB15-3FCAE087D52D}.Release|x86.Build.0 = Release|Any CPU
		{B5AD7BE0-D6C1-4F0F-931E-C0F5A1B6F8DF}.Debug|Any CPU.ActiveCfg = Debug|Any CPU
		{B5AD7BE0-D6C1-4F0F-931E-C0F5A1B6F8DF}.Debug|Any CPU.Build.0 = Debug|Any CPU
		{B5AD7BE0-D6C1-4F0F-931E-C0F5A1B6F8DF}.Debug|x64.ActiveCfg = Debug|Any CPU
		{B5AD7BE0-D6C1-4F0F-931E-C0F5A1B6F8DF}.Debug|x64.Build.0 = Debug|Any CPU
		{B5AD7BE0-D6C1-4F0F-931E-C0F5A1B6F8DF}.Debug|x86.ActiveCfg = Debug|Any CPU
		{B5AD7BE0-D6C1-4F0F-931E-C0F5A1B6F8DF}.Debug|x86.Build.0 = Debug|Any CPU
		{B5AD7BE0-D6C1-4F0F-931E-C0F5A1B6F8DF}.Release|Any CPU.ActiveCfg = Release|Any CPU
		{B5AD7BE0-D6C1-4F0F-931E-C0F5A1B6F8DF}.Release|Any CPU.Build.0 = Release|Any CPU
		{B5AD7BE0-D6C1-4F0F-931E-C0F5A1B6F8DF}.Release|x64.ActiveCfg = Release|Any CPU
		{B5AD7BE0-D6C1-4F0F-931E-C0F5A1B6F8DF}.Release|x64.Build.0 = Release|Any CPU
		{B5AD7BE0-D6C1-4F0F-931E-C0F5A1B6F8DF}.Release|x86.ActiveCfg = Release|Any CPU
		{B5AD7BE0-D6C1-4F0F-931E-C0F5A1B6F8DF}.Release|x86.Build.0 = Release|Any CPU
		{6E6925D0-941D-4896-AADF-6A0E9AA78503}.Debug|Any CPU.ActiveCfg = Debug|Any CPU
		{6E6925D0-941D-4896-AADF-6A0E9AA78503}.Debug|Any CPU.Build.0 = Debug|Any CPU
		{6E6925D0-941D-4896-AADF-6A0E9AA78503}.Debug|x64.ActiveCfg = Debug|Any CPU
		{6E6925D0-941D-4896-AADF-6A0E9AA78503}.Debug|x64.Build.0 = Debug|Any CPU
		{6E6925D0-941D-4896-AADF-6A0E9AA78503}.Debug|x86.ActiveCfg = Debug|Any CPU
		{6E6925D0-941D-4896-AADF-6A0E9AA78503}.Debug|x86.Build.0 = Debug|Any CPU
		{6E6925D0-941D-4896-AADF-6A0E9AA78503}.Release|Any CPU.ActiveCfg = Release|Any CPU
		{6E6925D0-941D-4896-AADF-6A0E9AA78503}.Release|Any CPU.Build.0 = Release|Any CPU
		{6E6925D0-941D-4896-AADF-6A0E9AA78503}.Release|x64.ActiveCfg = Release|Any CPU
		{6E6925D0-941D-4896-AADF-6A0E9AA78503}.Release|x64.Build.0 = Release|Any CPU
		{6E6925D0-941D-4896-AADF-6A0E9AA78503}.Release|x86.ActiveCfg = Release|Any CPU
		{6E6925D0-941D-4896-AADF-6A0E9AA78503}.Release|x86.Build.0 = Release|Any CPU
		{2554F455-B91F-410D-A7F5-5EC796439EA5}.Debug|Any CPU.ActiveCfg = Debug|Any CPU
		{2554F455-B91F-410D-A7F5-5EC796439EA5}.Debug|Any CPU.Build.0 = Debug|Any CPU
		{2554F455-B91F-410D-A7F5-5EC796439EA5}.Debug|x64.ActiveCfg = Debug|Any CPU
		{2554F455-B91F-410D-A7F5-5EC796439EA5}.Debug|x64.Build.0 = Debug|Any CPU
		{2554F455-B91F-410D-A7F5-5EC796439EA5}.Debug|x86.ActiveCfg = Debug|Any CPU
		{2554F455-B91F-410D-A7F5-5EC796439EA5}.Debug|x86.Build.0 = Debug|Any CPU
		{2554F455-B91F-410D-A7F5-5EC796439EA5}.Release|Any CPU.ActiveCfg = Release|Any CPU
		{2554F455-B91F-410D-A7F5-5EC796439EA5}.Release|Any CPU.Build.0 = Release|Any CPU
		{2554F455-B91F-410D-A7F5-5EC796439EA5}.Release|x64.ActiveCfg = Release|Any CPU
		{2554F455-B91F-410D-A7F5-5EC796439EA5}.Release|x64.Build.0 = Release|Any CPU
		{2554F455-B91F-410D-A7F5-5EC796439EA5}.Release|x86.ActiveCfg = Release|Any CPU
		{2554F455-B91F-410D-A7F5-5EC796439EA5}.Release|x86.Build.0 = Release|Any CPU
		{1F331B24-2347-45A7-B103-FD88750304B7}.Debug|Any CPU.ActiveCfg = Debug|Any CPU
		{1F331B24-2347-45A7-B103-FD88750304B7}.Debug|Any CPU.Build.0 = Debug|Any CPU
		{1F331B24-2347-45A7-B103-FD88750304B7}.Debug|x64.ActiveCfg = Debug|Any CPU
		{1F331B24-2347-45A7-B103-FD88750304B7}.Debug|x64.Build.0 = Debug|Any CPU
		{1F331B24-2347-45A7-B103-FD88750304B7}.Debug|x86.ActiveCfg = Debug|Any CPU
		{1F331B24-2347-45A7-B103-FD88750304B7}.Debug|x86.Build.0 = Debug|Any CPU
		{1F331B24-2347-45A7-B103-FD88750304B7}.Release|Any CPU.ActiveCfg = Release|Any CPU
		{1F331B24-2347-45A7-B103-FD88750304B7}.Release|Any CPU.Build.0 = Release|Any CPU
		{1F331B24-2347-45A7-B103-FD88750304B7}.Release|x64.ActiveCfg = Release|Any CPU
		{1F331B24-2347-45A7-B103-FD88750304B7}.Release|x64.Build.0 = Release|Any CPU
		{1F331B24-2347-45A7-B103-FD88750304B7}.Release|x86.ActiveCfg = Release|Any CPU
		{1F331B24-2347-45A7-B103-FD88750304B7}.Release|x86.Build.0 = Release|Any CPU
		{30752C4B-B189-4D54-B01E-35B19EF399CE}.Debug|Any CPU.ActiveCfg = Debug|Any CPU
		{30752C4B-B189-4D54-B01E-35B19EF399CE}.Debug|Any CPU.Build.0 = Debug|Any CPU
		{30752C4B-B189-4D54-B01E-35B19EF399CE}.Debug|x64.ActiveCfg = Debug|Any CPU
		{30752C4B-B189-4D54-B01E-35B19EF399CE}.Debug|x64.Build.0 = Debug|Any CPU
		{30752C4B-B189-4D54-B01E-35B19EF399CE}.Debug|x86.ActiveCfg = Debug|Any CPU
		{30752C4B-B189-4D54-B01E-35B19EF399CE}.Debug|x86.Build.0 = Debug|Any CPU
		{30752C4B-B189-4D54-B01E-35B19EF399CE}.Release|Any CPU.ActiveCfg = Release|Any CPU
		{30752C4B-B189-4D54-B01E-35B19EF399CE}.Release|Any CPU.Build.0 = Release|Any CPU
		{30752C4B-B189-4D54-B01E-35B19EF399CE}.Release|x64.ActiveCfg = Release|Any CPU
		{30752C4B-B189-4D54-B01E-35B19EF399CE}.Release|x64.Build.0 = Release|Any CPU
		{30752C4B-B189-4D54-B01E-35B19EF399CE}.Release|x86.ActiveCfg = Release|Any CPU
		{30752C4B-B189-4D54-B01E-35B19EF399CE}.Release|x86.Build.0 = Release|Any CPU
		{14CDC0B6-CFF5-4EBA-9F09-8FF3E3BB142D}.Debug|Any CPU.ActiveCfg = Debug|Any CPU
		{14CDC0B6-CFF5-4EBA-9F09-8FF3E3BB142D}.Debug|Any CPU.Build.0 = Debug|Any CPU
		{14CDC0B6-CFF5-4EBA-9F09-8FF3E3BB142D}.Debug|x64.ActiveCfg = Debug|Any CPU
		{14CDC0B6-CFF5-4EBA-9F09-8FF3E3BB142D}.Debug|x64.Build.0 = Debug|Any CPU
		{14CDC0B6-CFF5-4EBA-9F09-8FF3E3BB142D}.Debug|x86.ActiveCfg = Debug|Any CPU
		{14CDC0B6-CFF5-4EBA-9F09-8FF3E3BB142D}.Debug|x86.Build.0 = Debug|Any CPU
		{14CDC0B6-CFF5-4EBA-9F09-8FF3E3BB142D}.Release|Any CPU.ActiveCfg = Release|Any CPU
		{14CDC0B6-CFF5-4EBA-9F09-8FF3E3BB142D}.Release|Any CPU.Build.0 = Release|Any CPU
		{14CDC0B6-CFF5-4EBA-9F09-8FF3E3BB142D}.Release|x64.ActiveCfg = Release|Any CPU
		{14CDC0B6-CFF5-4EBA-9F09-8FF3E3BB142D}.Release|x64.Build.0 = Release|Any CPU
		{14CDC0B6-CFF5-4EBA-9F09-8FF3E3BB142D}.Release|x86.ActiveCfg = Release|Any CPU
		{14CDC0B6-CFF5-4EBA-9F09-8FF3E3BB142D}.Release|x86.Build.0 = Release|Any CPU
		{1BF89F13-2FD2-449A-99A9-036DE4EADE19}.Debug|Any CPU.ActiveCfg = Debug|Any CPU
		{1BF89F13-2FD2-449A-99A9-036DE4EADE19}.Debug|Any CPU.Build.0 = Debug|Any CPU
		{1BF89F13-2FD2-449A-99A9-036DE4EADE19}.Debug|x64.ActiveCfg = Debug|Any CPU
		{1BF89F13-2FD2-449A-99A9-036DE4EADE19}.Debug|x64.Build.0 = Debug|Any CPU
		{1BF89F13-2FD2-449A-99A9-036DE4EADE19}.Debug|x86.ActiveCfg = Debug|Any CPU
		{1BF89F13-2FD2-449A-99A9-036DE4EADE19}.Debug|x86.Build.0 = Debug|Any CPU
		{1BF89F13-2FD2-449A-99A9-036DE4EADE19}.Release|Any CPU.ActiveCfg = Release|Any CPU
		{1BF89F13-2FD2-449A-99A9-036DE4EADE19}.Release|Any CPU.Build.0 = Release|Any CPU
		{1BF89F13-2FD2-449A-99A9-036DE4EADE19}.Release|x64.ActiveCfg = Release|Any CPU
		{1BF89F13-2FD2-449A-99A9-036DE4EADE19}.Release|x64.Build.0 = Release|Any CPU
		{1BF89F13-2FD2-449A-99A9-036DE4EADE19}.Release|x86.ActiveCfg = Release|Any CPU
		{1BF89F13-2FD2-449A-99A9-036DE4EADE19}.Release|x86.Build.0 = Release|Any CPU
		{23548C72-3C38-4299-AFE0-DCD9678E158A}.Debug|Any CPU.ActiveCfg = Debug|Any CPU
		{23548C72-3C38-4299-AFE0-DCD9678E158A}.Debug|Any CPU.Build.0 = Debug|Any CPU
		{23548C72-3C38-4299-AFE0-DCD9678E158A}.Debug|x64.ActiveCfg = Debug|Any CPU
		{23548C72-3C38-4299-AFE0-DCD9678E158A}.Debug|x64.Build.0 = Debug|Any CPU
		{23548C72-3C38-4299-AFE0-DCD9678E158A}.Debug|x86.ActiveCfg = Debug|Any CPU
		{23548C72-3C38-4299-AFE0-DCD9678E158A}.Debug|x86.Build.0 = Debug|Any CPU
		{23548C72-3C38-4299-AFE0-DCD9678E158A}.Release|Any CPU.ActiveCfg = Release|Any CPU
		{23548C72-3C38-4299-AFE0-DCD9678E158A}.Release|Any CPU.Build.0 = Release|Any CPU
		{23548C72-3C38-4299-AFE0-DCD9678E158A}.Release|x64.ActiveCfg = Release|Any CPU
		{23548C72-3C38-4299-AFE0-DCD9678E158A}.Release|x64.Build.0 = Release|Any CPU
		{23548C72-3C38-4299-AFE0-DCD9678E158A}.Release|x86.ActiveCfg = Release|Any CPU
		{23548C72-3C38-4299-AFE0-DCD9678E158A}.Release|x86.Build.0 = Release|Any CPU
	EndGlobalSection
	GlobalSection(SolutionProperties) = preSolution
		HideSolutionNode = FALSE
	EndGlobalSection
	GlobalSection(NestedProjects) = preSolution
		{FC09876C-AA05-62EB-05EC-BEC01004E614} = {827E0CD3-B72D-47B6-A68D-7590B98EB39B}
		{98B05642-01F5-EB19-A637-D618042DF171} = {FC09876C-AA05-62EB-05EC-BEC01004E614}
		{BEB957AE-7114-4063-BA3C-EFBE74BBD473} = {98B05642-01F5-EB19-A637-D618042DF171}
		{FCA01246-F2C6-0AA7-D43F-FD13BE0B9D88} = {827E0CD3-B72D-47B6-A68D-7590B98EB39B}
		{53EF6F94-FBDD-4C92-9CFE-3372889A063C} = {FCA01246-F2C6-0AA7-D43F-FD13BE0B9D88}
		{90298CBA-BD6F-3A0A-69D5-97CAD7B05E7E} = {827E0CD3-B72D-47B6-A68D-7590B98EB39B}
		{54553B63-1061-4AAF-A7FF-8AC42B9D56B9} = {90298CBA-BD6F-3A0A-69D5-97CAD7B05E7E}
		{73A652C1-C590-AE37-9CBD-238D7CF106BF} = {FC09876C-AA05-62EB-05EC-BEC01004E614}
		{19024CCB-1990-4AF2-9727-4A057E00D6FD} = {73A652C1-C590-AE37-9CBD-238D7CF106BF}
		{A8D55A63-0FFB-8DA3-0D2F-64981EAEBCF5} = {FC09876C-AA05-62EB-05EC-BEC01004E614}
		{455B1F40-B643-4192-82A5-77F20D9EF184} = {A8D55A63-0FFB-8DA3-0D2F-64981EAEBCF5}
		{26E89457-A53E-4D1C-AE0D-BCE97DBE1AE4} = {A8D55A63-0FFB-8DA3-0D2F-64981EAEBCF5}
		{5FF7E0A6-2448-5B5D-0715-69E9253ED868} = {FC09876C-AA05-62EB-05EC-BEC01004E614}
		{3D108CE7-FD2E-468E-BB15-3FCAE087D52D} = {5FF7E0A6-2448-5B5D-0715-69E9253ED868}
		{D5B610D6-B4FF-066C-DF98-04A3849DEC32} = {FC09876C-AA05-62EB-05EC-BEC01004E614}
		{B5AD7BE0-D6C1-4F0F-931E-C0F5A1B6F8DF} = {D5B610D6-B4FF-066C-DF98-04A3849DEC32}
		{5C8FFA71-ABED-225F-EBAA-B00A0796978F} = {827E0CD3-B72D-47B6-A68D-7590B98EB39B}
		{09253579-F117-F706-570D-01528F4C4ED0} = {5C8FFA71-ABED-225F-EBAA-B00A0796978F}
		{6E6925D0-941D-4896-AADF-6A0E9AA78503} = {09253579-F117-F706-570D-01528F4C4ED0}
		{F61F6535-EFCA-7435-6CE0-2B4426F3FDC6} = {5C8FFA71-ABED-225F-EBAA-B00A0796978F}
		{2554F455-B91F-410D-A7F5-5EC796439EA5} = {F61F6535-EFCA-7435-6CE0-2B4426F3FDC6}
		{1F331B24-2347-45A7-B103-FD88750304B7} = {F61F6535-EFCA-7435-6CE0-2B4426F3FDC6}
		{CB988DCC-081F-D5BB-28C3-044054ECA1B2} = {5C8FFA71-ABED-225F-EBAA-B00A0796978F}
		{30752C4B-B189-4D54-B01E-35B19EF399CE} = {CB988DCC-081F-D5BB-28C3-044054ECA1B2}
		{14CDC0B6-CFF5-4EBA-9F09-8FF3E3BB142D} = {CB988DCC-081F-D5BB-28C3-044054ECA1B2}
		{C76D9B58-6B37-707C-7886-069C7C09C5A3} = {5C8FFA71-ABED-225F-EBAA-B00A0796978F}
		{1BF89F13-2FD2-449A-99A9-036DE4EADE19} = {C76D9B58-6B37-707C-7886-069C7C09C5A3}
		{6B32F401-47F2-B1B8-7DF2-F05687F0E824} = {5C8FFA71-ABED-225F-EBAA-B00A0796978F}
		{23548C72-3C38-4299-AFE0-DCD9678E158A} = {6B32F401-47F2-B1B8-7DF2-F05687F0E824}
	EndGlobalSection
EndGlobal
